// !$*UTF8*$!
{
	archiveVersion = 1;
	classes = {
	};
	objectVersion = 50;
	objects = {

/* Begin PBXBuildFile section */
		3AA3EECE21C2AD30004DD7E8 /* AppDelegate.swift in Sources */ = {isa = PBXBuildFile; fileRef = 3AA3EECD21C2AD30004DD7E8 /* AppDelegate.swift */; };
		3AA3EED021C2AD30004DD7E8 /* ViewController.swift in Sources */ = {isa = PBXBuildFile; fileRef = 3AA3EECF21C2AD30004DD7E8 /* ViewController.swift */; };
		3AA3EED321C2AD30004DD7E8 /* Main.storyboard in Resources */ = {isa = PBXBuildFile; fileRef = 3AA3EED121C2AD30004DD7E8 /* Main.storyboard */; };
		3AA3EED521C2AD3E004DD7E8 /* Assets.xcassets in Resources */ = {isa = PBXBuildFile; fileRef = 3AA3EED421C2AD3E004DD7E8 /* Assets.xcassets */; };
		3AA3EED821C2AD3E004DD7E8 /* LaunchScreen.storyboard in Resources */ = {isa = PBXBuildFile; fileRef = 3AA3EED621C2AD3E004DD7E8 /* LaunchScreen.storyboard */; };
		3AA3EEE321C2AD3E004DD7E8 /* lexmanTests.swift in Sources */ = {isa = PBXBuildFile; fileRef = 3AA3EEE221C2AD3E004DD7E8 /* lexmanTests.swift */; };
		3AA3EEEE21C2AD3E004DD7E8 /* lexmanUITests.swift in Sources */ = {isa = PBXBuildFile; fileRef = 3AA3EEED21C2AD3E004DD7E8 /* lexmanUITests.swift */; };
/* End PBXBuildFile section */

/* Begin PBXContainerItemProxy section */
		3AA3EEDF21C2AD3E004DD7E8 /* PBXContainerItemProxy */ = {
			isa = PBXContainerItemProxy;
			containerPortal = 3AA3EEC221C2AD30004DD7E8 /* Project object */;
			proxyType = 1;
			remoteGlobalIDString = 3AA3EEC921C2AD30004DD7E8;
			remoteInfo = lexman;
		};
		3AA3EEEA21C2AD3E004DD7E8 /* PBXContainerItemProxy */ = {
			isa = PBXContainerItemProxy;
			containerPortal = 3AA3EEC221C2AD30004DD7E8 /* Project object */;
			proxyType = 1;
			remoteGlobalIDString = 3AA3EEC921C2AD30004DD7E8;
			remoteInfo = lexman;
		};
/* End PBXContainerItemProxy section */

/* Begin PBXFileReference section */
		3AA3EECA21C2AD30004DD7E8 /* lexman.app */ = {isa = PBXFileReference; explicitFileType = wrapper.application; includeInIndex = 0; path = lexman.app; sourceTree = BUILT_PRODUCTS_DIR; };
		3AA3EECD21C2AD30004DD7E8 /* AppDelegate.swift */ = {isa = PBXFileReference; lastKnownFileType = sourcecode.swift; path = AppDelegate.swift; sourceTree = "<group>"; };
		3AA3EECF21C2AD30004DD7E8 /* ViewController.swift */ = {isa = PBXFileReference; lastKnownFileType = sourcecode.swift; path = ViewController.swift; sourceTree = "<group>"; };
		3AA3EED221C2AD30004DD7E8 /* Base */ = {isa = PBXFileReference; lastKnownFileType = file.storyboard; name = Base; path = Base.lproj/Main.storyboard; sourceTree = "<group>"; };
		3AA3EED421C2AD3E004DD7E8 /* Assets.xcassets */ = {isa = PBXFileReference; lastKnownFileType = folder.assetcatalog; path = Assets.xcassets; sourceTree = "<group>"; };
		3AA3EED721C2AD3E004DD7E8 /* Base */ = {isa = PBXFileReference; lastKnownFileType = file.storyboard; name = Base; path = Base.lproj/LaunchScreen.storyboard; sourceTree = "<group>"; };
		3AA3EED921C2AD3E004DD7E8 /* Info.plist */ = {isa = PBXFileReference; lastKnownFileType = text.plist.xml; path = Info.plist; sourceTree = "<group>"; };
		3AA3EEDE21C2AD3E004DD7E8 /* lexmanTests.xctest */ = {isa = PBXFileReference; explicitFileType = wrapper.cfbundle; includeInIndex = 0; path = lexmanTests.xctest; sourceTree = BUILT_PRODUCTS_DIR; };
		3AA3EEE221C2AD3E004DD7E8 /* lexmanTests.swift */ = {isa = PBXFileReference; lastKnownFileType = sourcecode.swift; path = lexmanTests.swift; sourceTree = "<group>"; };
		3AA3EEE421C2AD3E004DD7E8 /* Info.plist */ = {isa = PBXFileReference; lastKnownFileType = text.plist.xml; path = Info.plist; sourceTree = "<group>"; };
		3AA3EEE921C2AD3E004DD7E8 /* lexmanUITests.xctest */ = {isa = PBXFileReference; explicitFileType = wrapper.cfbundle; includeInIndex = 0; path = lexmanUITests.xctest; sourceTree = BUILT_PRODUCTS_DIR; };
		3AA3EEED21C2AD3E004DD7E8 /* lexmanUITests.swift */ = {isa = PBXFileReference; lastKnownFileType = sourcecode.swift; path = lexmanUITests.swift; sourceTree = "<group>"; };
		3AA3EEEF21C2AD3E004DD7E8 /* Info.plist */ = {isa = PBXFileReference; lastKnownFileType = text.plist.xml; path = Info.plist; sourceTree = "<group>"; };
/* End PBXFileReference section */

/* Begin PBXFrameworksBuildPhase section */
		3AA3EEC721C2AD30004DD7E8 /* Frameworks */ = {
			isa = PBXFrameworksBuildPhase;
			buildActionMask = 2147483647;
			files = (
			);
			runOnlyForDeploymentPostprocessing = 0;
		};
		3AA3EEDB21C2AD3E004DD7E8 /* Frameworks */ = {
			isa = PBXFrameworksBuildPhase;
			buildActionMask = 2147483647;
			files = (
			);
			runOnlyForDeploymentPostprocessing = 0;
		};
		3AA3EEE621C2AD3E004DD7E8 /* Frameworks */ = {
			isa = PBXFrameworksBuildPhase;
			buildActionMask = 2147483647;
			files = (
			);
			runOnlyForDeploymentPostprocessing = 0;
		};
/* End PBXFrameworksBuildPhase section */

/* Begin PBXGroup section */
		3AA3EEC121C2AD30004DD7E8 = {
			isa = PBXGroup;
			children = (
				3AA3EECC21C2AD30004DD7E8 /* lexman */,
				3AA3EEE121C2AD3E004DD7E8 /* lexmanTests */,
				3AA3EEEC21C2AD3E004DD7E8 /* lexmanUITests */,
				3AA3EECB21C2AD30004DD7E8 /* Products */,
			);
			sourceTree = "<group>";
		};
		3AA3EECB21C2AD30004DD7E8 /* Products */ = {
			isa = PBXGroup;
			children = (
				3AA3EECA21C2AD30004DD7E8 /* lexman.app */,
				3AA3EEDE21C2AD3E004DD7E8 /* lexmanTests.xctest */,
				3AA3EEE921C2AD3E004DD7E8 /* lexmanUITests.xctest */,
			);
			name = Products;
			sourceTree = "<group>";
		};
		3AA3EECC21C2AD30004DD7E8 /* lexman */ = {
			isa = PBXGroup;
			children = (
				3AA3EECD21C2AD30004DD7E8 /* AppDelegate.swift */,
				3AA3EECF21C2AD30004DD7E8 /* ViewController.swift */,
				3AA3EED121C2AD30004DD7E8 /* Main.storyboard */,
				3AA3EED421C2AD3E004DD7E8 /* Assets.xcassets */,
				3AA3EED621C2AD3E004DD7E8 /* LaunchScreen.storyboard */,
				3AA3EED921C2AD3E004DD7E8 /* Info.plist */,
			);
			path = lexman;
			sourceTree = "<group>";
		};
		3AA3EEE121C2AD3E004DD7E8 /* lexmanTests */ = {
			isa = PBXGroup;
			children = (
				3AA3EEE221C2AD3E004DD7E8 /* lexmanTests.swift */,
				3AA3EEE421C2AD3E004DD7E8 /* Info.plist */,
			);
			path = lexmanTests;
			sourceTree = "<group>";
		};
		3AA3EEEC21C2AD3E004DD7E8 /* lexmanUITests */ = {
			isa = PBXGroup;
			children = (
				3AA3EEED21C2AD3E004DD7E8 /* lexmanUITests.swift */,
				3AA3EEEF21C2AD3E004DD7E8 /* Info.plist */,
			);
			path = lexmanUITests;
			sourceTree = "<group>";
		};
/* End PBXGroup section */

/* Begin PBXNativeTarget section */
		3AA3EEC921C2AD30004DD7E8 /* lexman */ = {
			isa = PBXNativeTarget;
			buildConfigurationList = 3AA3EEF221C2AD3F004DD7E8 /* Build configuration list for PBXNativeTarget "lexman" */;
			buildPhases = (
				3AA3EEC621C2AD30004DD7E8 /* Sources */,
				3AA3EEC721C2AD30004DD7E8 /* Frameworks */,
				3AA3EEC821C2AD30004DD7E8 /* Resources */,
			);
			buildRules = (
			);
			dependencies = (
			);
			name = lexman;
			productName = lexman;
			productReference = 3AA3EECA21C2AD30004DD7E8 /* lexman.app */;
			productType = "com.apple.product-type.application";
		};
		3AA3EEDD21C2AD3E004DD7E8 /* lexmanTests */ = {
			isa = PBXNativeTarget;
			buildConfigurationList = 3AA3EEF521C2AD3F004DD7E8 /* Build configuration list for PBXNativeTarget "lexmanTests" */;
			buildPhases = (
				3AA3EEDA21C2AD3E004DD7E8 /* Sources */,
				3AA3EEDB21C2AD3E004DD7E8 /* Frameworks */,
				3AA3EEDC21C2AD3E004DD7E8 /* Resources */,
			);
			buildRules = (
			);
			dependencies = (
				3AA3EEE021C2AD3E004DD7E8 /* PBXTargetDependency */,
			);
			name = lexmanTests;
			productName = lexmanTests;
			productReference = 3AA3EEDE21C2AD3E004DD7E8 /* lexmanTests.xctest */;
			productType = "com.apple.product-type.bundle.unit-test";
		};
		3AA3EEE821C2AD3E004DD7E8 /* lexmanUITests */ = {
			isa = PBXNativeTarget;
			buildConfigurationList = 3AA3EEF821C2AD3F004DD7E8 /* Build configuration list for PBXNativeTarget "lexmanUITests" */;
			buildPhases = (
				3AA3EEE521C2AD3E004DD7E8 /* Sources */,
				3AA3EEE621C2AD3E004DD7E8 /* Frameworks */,
				3AA3EEE721C2AD3E004DD7E8 /* Resources */,
			);
			buildRules = (
			);
			dependencies = (
				3AA3EEEB21C2AD3E004DD7E8 /* PBXTargetDependency */,
			);
			name = lexmanUITests;
			productName = lexmanUITests;
			productReference = 3AA3EEE921C2AD3E004DD7E8 /* lexmanUITests.xctest */;
			productType = "com.apple.product-type.bundle.ui-testing";
		};
/* End PBXNativeTarget section */

/* Begin PBXProject section */
		3AA3EEC221C2AD30004DD7E8 /* Project object */ = {
			isa = PBXProject;
			attributes = {
				LastSwiftUpdateCheck = 1010;
				LastUpgradeCheck = 1010;
				ORGANIZATIONNAME = "Adrian Kalmar";
				TargetAttributes = {
					3AA3EEC921C2AD30004DD7E8 = {
						CreatedOnToolsVersion = 10.1;
					};
					3AA3EEDD21C2AD3E004DD7E8 = {
						CreatedOnToolsVersion = 10.1;
						TestTargetID = 3AA3EEC921C2AD30004DD7E8;
					};
					3AA3EEE821C2AD3E004DD7E8 = {
						CreatedOnToolsVersion = 10.1;
						TestTargetID = 3AA3EEC921C2AD30004DD7E8;
					};
				};
			};
			buildConfigurationList = 3AA3EEC521C2AD30004DD7E8 /* Build configuration list for PBXProject "lexman" */;
			compatibilityVersion = "Xcode 9.3";
			developmentRegion = en;
			hasScannedForEncodings = 0;
			knownRegions = (
				en,
				Base,
			);
			mainGroup = 3AA3EEC121C2AD30004DD7E8;
			productRefGroup = 3AA3EECB21C2AD30004DD7E8 /* Products */;
			projectDirPath = "";
			projectRoot = "";
			targets = (
				3AA3EEC921C2AD30004DD7E8 /* lexman */,
				3AA3EEDD21C2AD3E004DD7E8 /* lexmanTests */,
				3AA3EEE821C2AD3E004DD7E8 /* lexmanUITests */,
			);
		};
/* End PBXProject section */

/* Begin PBXResourcesBuildPhase section */
		3AA3EEC821C2AD30004DD7E8 /* Resources */ = {
			isa = PBXResourcesBuildPhase;
			buildActionMask = 2147483647;
			files = (
				3AA3EED821C2AD3E004DD7E8 /* LaunchScreen.storyboard in Resources */,
				3AA3EED521C2AD3E004DD7E8 /* Assets.xcassets in Resources */,
				3AA3EED321C2AD30004DD7E8 /* Main.storyboard in Resources */,
			);
			runOnlyForDeploymentPostprocessing = 0;
		};
		3AA3EEDC21C2AD3E004DD7E8 /* Resources */ = {
			isa = PBXResourcesBuildPhase;
			buildActionMask = 2147483647;
			files = (
			);
			runOnlyForDeploymentPostprocessing = 0;
		};
		3AA3EEE721C2AD3E004DD7E8 /* Resources */ = {
			isa = PBXResourcesBuildPhase;
			buildActionMask = 2147483647;
			files = (
			);
			runOnlyForDeploymentPostprocessing = 0;
		};
/* End PBXResourcesBuildPhase section */

/* Begin PBXSourcesBuildPhase section */
		3AA3EEC621C2AD30004DD7E8 /* Sources */ = {
			isa = PBXSourcesBuildPhase;
			buildActionMask = 2147483647;
			files = (
				3AA3EED021C2AD30004DD7E8 /* ViewController.swift in Sources */,
				3AA3EECE21C2AD30004DD7E8 /* AppDelegate.swift in Sources */,
			);
			runOnlyForDeploymentPostprocessing = 0;
		};
		3AA3EEDA21C2AD3E004DD7E8 /* Sources */ = {
			isa = PBXSourcesBuildPhase;
			buildActionMask = 2147483647;
			files = (
				3AA3EEE321C2AD3E004DD7E8 /* lexmanTests.swift in Sources */,
			);
			runOnlyForDeploymentPostprocessing = 0;
		};
		3AA3EEE521C2AD3E004DD7E8 /* Sources */ = {
			isa = PBXSourcesBuildPhase;
			buildActionMask = 2147483647;
			files = (
				3AA3EEEE21C2AD3E004DD7E8 /* lexmanUITests.swift in Sources */,
			);
			runOnlyForDeploymentPostprocessing = 0;
		};
/* End PBXSourcesBuildPhase section */

/* Begin PBXTargetDependency section */
		3AA3EEE021C2AD3E004DD7E8 /* PBXTargetDependency */ = {
			isa = PBXTargetDependency;
			target = 3AA3EEC921C2AD30004DD7E8 /* lexman */;
			targetProxy = 3AA3EEDF21C2AD3E004DD7E8 /* PBXContainerItemProxy */;
		};
		3AA3EEEB21C2AD3E004DD7E8 /* PBXTargetDependency */ = {
			isa = PBXTargetDependency;
			target = 3AA3EEC921C2AD30004DD7E8 /* lexman */;
			targetProxy = 3AA3EEEA21C2AD3E004DD7E8 /* PBXContainerItemProxy */;
		};
/* End PBXTargetDependency section */

/* Begin PBXVariantGroup section */
		3AA3EED121C2AD30004DD7E8 /* Main.storyboard */ = {
			isa = PBXVariantGroup;
			children = (
				3AA3EED221C2AD30004DD7E8 /* Base */,
			);
			name = Main.storyboard;
			sourceTree = "<group>";
		};
		3AA3EED621C2AD3E004DD7E8 /* LaunchScreen.storyboard */ = {
			isa = PBXVariantGroup;
			children = (
				3AA3EED721C2AD3E004DD7E8 /* Base */,
			);
			name = LaunchScreen.storyboard;
			sourceTree = "<group>";
		};
/* End PBXVariantGroup section */

/* Begin XCBuildConfiguration section */
		3AA3EEF021C2AD3F004DD7E8 /* Debug */ = {
			isa = XCBuildConfiguration;
			buildSettings = {
				ALWAYS_SEARCH_USER_PATHS = NO;
				CLANG_ANALYZER_NONNULL = YES;
				CLANG_ANALYZER_NUMBER_OBJECT_CONVERSION = YES_AGGRESSIVE;
				CLANG_CXX_LANGUAGE_STANDARD = "gnu++14";
				CLANG_CXX_LIBRARY = "libc++";
				CLANG_ENABLE_MODULES = YES;
				CLANG_ENABLE_OBJC_ARC = YES;
				CLANG_ENABLE_OBJC_WEAK = YES;
				CLANG_WARN_BLOCK_CAPTURE_AUTORELEASING = YES;
				CLANG_WARN_BOOL_CONVERSION = YES;
				CLANG_WARN_COMMA = YES;
				CLANG_WARN_CONSTANT_CONVERSION = YES;
				CLANG_WARN_DEPRECATED_OBJC_IMPLEMENTATIONS = YES;
				CLANG_WARN_DIRECT_OBJC_ISA_USAGE = YES_ERROR;
				CLANG_WARN_DOCUMENTATION_COMMENTS = YES;
				CLANG_WARN_EMPTY_BODY = YES;
				CLANG_WARN_ENUM_CONVERSION = YES;
				CLANG_WARN_INFINITE_RECURSION = YES;
				CLANG_WARN_INT_CONVERSION = YES;
				CLANG_WARN_NON_LITERAL_NULL_CONVERSION = YES;
				CLANG_WARN_OBJC_IMPLICIT_RETAIN_SELF = YES;
				CLANG_WARN_OBJC_LITERAL_CONVERSION = YES;
				CLANG_WARN_OBJC_ROOT_CLASS = YES_ERROR;
				CLANG_WARN_RANGE_LOOP_ANALYSIS = YES;
				CLANG_WARN_STRICT_PROTOTYPES = YES;
				CLANG_WARN_SUSPICIOUS_MOVE = YES;
				CLANG_WARN_UNGUARDED_AVAILABILITY = YES_AGGRESSIVE;
				CLANG_WARN_UNREACHABLE_CODE = YES;
				CLANG_WARN__DUPLICATE_METHOD_MATCH = YES;
				CODE_SIGN_IDENTITY = "iPhone Developer";
				COPY_PHASE_STRIP = NO;
				DEBUG_INFORMATION_FORMAT = dwarf;
				ENABLE_STRICT_OBJC_MSGSEND = YES;
				ENABLE_TESTABILITY = YES;
				GCC_C_LANGUAGE_STANDARD = gnu11;
				GCC_DYNAMIC_NO_PIC = NO;
				GCC_NO_COMMON_BLOCKS = YES;
				GCC_OPTIMIZATION_LEVEL = 0;
				GCC_PREPROCESSOR_DEFINITIONS = (
					"DEBUG=1",
					"$(inherited)",
				);
				GCC_WARN_64_TO_32_BIT_CONVERSION = YES;
				GCC_WARN_ABOUT_RETURN_TYPE = YES_ERROR;
				GCC_WARN_UNDECLARED_SELECTOR = YES;
				GCC_WARN_UNINITIALIZED_AUTOS = YES_AGGRESSIVE;
				GCC_WARN_UNUSED_FUNCTION = YES;
				GCC_WARN_UNUSED_VARIABLE = YES;
				IPHONEOS_DEPLOYMENT_TARGET = 12.1;
				MTL_ENABLE_DEBUG_INFO = INCLUDE_SOURCE;
				MTL_FAST_MATH = YES;
				ONLY_ACTIVE_ARCH = YES;
				SDKROOT = iphoneos;
				SWIFT_ACTIVE_COMPILATION_CONDITIONS = DEBUG;
				SWIFT_OPTIMIZATION_LEVEL = "-Onone";
			};
			name = Debug;
		};
		3AA3EEF121C2AD3F004DD7E8 /* Release */ = {
			isa = XCBuildConfiguration;
			buildSettings = {
				ALWAYS_SEARCH_USER_PATHS = NO;
				CLANG_ANALYZER_NONNULL = YES;
				CLANG_ANALYZER_NUMBER_OBJECT_CONVERSION = YES_AGGRESSIVE;
				CLANG_CXX_LANGUAGE_STANDARD = "gnu++14";
				CLANG_CXX_LIBRARY = "libc++";
				CLANG_ENABLE_MODULES = YES;
				CLANG_ENABLE_OBJC_ARC = YES;
				CLANG_ENABLE_OBJC_WEAK = YES;
				CLANG_WARN_BLOCK_CAPTURE_AUTORELEASING = YES;
				CLANG_WARN_BOOL_CONVERSION = YES;
				CLANG_WARN_COMMA = YES;
				CLANG_WARN_CONSTANT_CONVERSION = YES;
				CLANG_WARN_DEPRECATED_OBJC_IMPLEMENTATIONS = YES;
				CLANG_WARN_DIRECT_OBJC_ISA_USAGE = YES_ERROR;
				CLANG_WARN_DOCUMENTATION_COMMENTS = YES;
				CLANG_WARN_EMPTY_BODY = YES;
				CLANG_WARN_ENUM_CONVERSION = YES;
				CLANG_WARN_INFINITE_RECURSION = YES;
				CLANG_WARN_INT_CONVERSION = YES;
				CLANG_WARN_NON_LITERAL_NULL_CONVERSION = YES;
				CLANG_WARN_OBJC_IMPLICIT_RETAIN_SELF = YES;
				CLANG_WARN_OBJC_LITERAL_CONVERSION = YES;
				CLANG_WARN_OBJC_ROOT_CLASS = YES_ERROR;
				CLANG_WARN_RANGE_LOOP_ANALYSIS = YES;
				CLANG_WARN_STRICT_PROTOTYPES = YES;
				CLANG_WARN_SUSPICIOUS_MOVE = YES;
				CLANG_WARN_UNGUARDED_AVAILABILITY = YES_AGGRESSIVE;
				CLANG_WARN_UNREACHABLE_CODE = YES;
				CLANG_WARN__DUPLICATE_METHOD_MATCH = YES;
				CODE_SIGN_IDENTITY = "iPhone Developer";
				COPY_PHASE_STRIP = NO;
				DEBUG_INFORMATION_FORMAT = "dwarf-with-dsym";
				ENABLE_NS_ASSERTIONS = NO;
				ENABLE_STRICT_OBJC_MSGSEND = YES;
				GCC_C_LANGUAGE_STANDARD = gnu11;
				GCC_NO_COMMON_BLOCKS = YES;
				GCC_WARN_64_TO_32_BIT_CONVERSION = YES;
				GCC_WARN_ABOUT_RETURN_TYPE = YES_ERROR;
				GCC_WARN_UNDECLARED_SELECTOR = YES;
				GCC_WARN_UNINITIALIZED_AUTOS = YES_AGGRESSIVE;
				GCC_WARN_UNUSED_FUNCTION = YES;
				GCC_WARN_UNUSED_VARIABLE = YES;
				IPHONEOS_DEPLOYMENT_TARGET = 12.1;
				MTL_ENABLE_DEBUG_INFO = NO;
				MTL_FAST_MATH = YES;
				SDKROOT = iphoneos;
				SWIFT_COMPILATION_MODE = wholemodule;
				SWIFT_OPTIMIZATION_LEVEL = "-O";
				VALIDATE_PRODUCT = YES;
			};
			name = Release;
		};
		3AA3EEF321C2AD3F004DD7E8 /* Debug */ = {
			isa = XCBuildConfiguration;
			buildSettings = {
				ASSETCATALOG_COMPILER_APPICON_NAME = AppIcon;
				CODE_SIGN_STYLE = Automatic;
				DEVELOPMENT_TEAM = DM59379N7J;
				INFOPLIST_FILE = lexman/Info.plist;
				IPHONEOS_DEPLOYMENT_TARGET = 10.3;
				LD_RUNPATH_SEARCH_PATHS = (
					"$(inherited)",
					"@executable_path/Frameworks",
				);
				PRODUCT_BUNDLE_IDENTIFIER = pro.kalmar.lexman;
				PRODUCT_NAME = "$(TARGET_NAME)";
				SWIFT_VERSION = 4.2;
				TARGETED_DEVICE_FAMILY = "1,2";
			};
			name = Debug;
		};
		3AA3EEF421C2AD3F004DD7E8 /* Release */ = {
			isa = XCBuildConfiguration;
			buildSettings = {
				ASSETCATALOG_COMPILER_APPICON_NAME = AppIcon;
				CODE_SIGN_STYLE = Automatic;
				DEVELOPMENT_TEAM = DM59379N7J;
				INFOPLIST_FILE = lexman/Info.plist;
				IPHONEOS_DEPLOYMENT_TARGET = 10.3;
				LD_RUNPATH_SEARCH_PATHS = (
					"$(inherited)",
					"@executable_path/Frameworks",
				);
				PRODUCT_BUNDLE_IDENTIFIER = pro.kalmar.lexman;
				PRODUCT_NAME = "$(TARGET_NAME)";
				SWIFT_VERSION = 4.2;
				TARGETED_DEVICE_FAMILY = "1,2";
			};
			name = Release;
		};
		3AA3EEF621C2AD3F004DD7E8 /* Debug */ = {
			isa = XCBuildConfiguration;
			buildSettings = {
				ALWAYS_EMBED_SWIFT_STANDARD_LIBRARIES = YES;
				BUNDLE_LOADER = "$(TEST_HOST)";
				CODE_SIGN_STYLE = Automatic;
				DEVELOPMENT_TEAM = DM59379N7J;
				INFOPLIST_FILE = lexmanTests/Info.plist;
				LD_RUNPATH_SEARCH_PATHS = (
					"$(inherited)",
					"@executable_path/Frameworks",
					"@loader_path/Frameworks",
				);
				PRODUCT_BUNDLE_IDENTIFIER = pro.kalmar.lexmanTests;
				PRODUCT_NAME = "$(TARGET_NAME)";
				SWIFT_VERSION = 4.2;
				TARGETED_DEVICE_FAMILY = "1,2";
				TEST_HOST = "$(BUILT_PRODUCTS_DIR)/lexman.app/lexman";
			};
			name = Debug;
		};
		3AA3EEF721C2AD3F004DD7E8 /* Release */ = {
			isa = XCBuildConfiguration;
			buildSettings = {
				ALWAYS_EMBED_SWIFT_STANDARD_LIBRARIES = YES;
				BUNDLE_LOADER = "$(TEST_HOST)";
				CODE_SIGN_STYLE = Automatic;
				DEVELOPMENT_TEAM = DM59379N7J;
				INFOPLIST_FILE = lexmanTests/Info.plist;
				LD_RUNPATH_SEARCH_PATHS = (
					"$(inherited)",
					"@executable_path/Frameworks",
					"@loader_path/Frameworks",
				);
				PRODUCT_BUNDLE_IDENTIFIER = pro.kalmar.lexmanTests;
				PRODUCT_NAME = "$(TARGET_NAME)";
				SWIFT_VERSION = 4.2;
				TARGETED_DEVICE_FAMILY = "1,2";
				TEST_HOST = "$(BUILT_PRODUCTS_DIR)/lexman.app/lexman";
			};
			name = Release;
		};
		3AA3EEF921C2AD3F004DD7E8 /* Debug */ = {
			isa = XCBuildConfiguration;
			buildSettings = {
				ALWAYS_EMBED_SWIFT_STANDARD_LIBRARIES = YES;
				CODE_SIGN_STYLE = Automatic;
				DEVELOPMENT_TEAM = DM59379N7J;
				INFOPLIST_FILE = lexmanUITests/Info.plist;
				LD_RUNPATH_SEARCH_PATHS = (
					"$(inherited)",
					"@executable_path/Frameworks",
					"@loader_path/Frameworks",
				);
				PRODUCT_BUNDLE_IDENTIFIER = pro.kalmar.lexmanUITests;
				PRODUCT_NAME = "$(TARGET_NAME)";
				SWIFT_VERSION = 4.2;
				TARGETED_DEVICE_FAMILY = "1,2";
				TEST_TARGET_NAME = lexman;
			};
			name = Debug;
		};
		3AA3EEFA21C2AD3F004DD7E8 /* Release */ = {
			isa = XCBuildConfiguration;
			buildSettings = {
				ALWAYS_EMBED_SWIFT_STANDARD_LIBRARIES = YES;
				CODE_SIGN_STYLE = Automatic;
				DEVELOPMENT_TEAM = DM59379N7J;
				INFOPLIST_FILE = lexmanUITests/Info.plist;
				LD_RUNPATH_SEARCH_PATHS = (
					"$(inherited)",
					"@executable_path/Frameworks",
					"@loader_path/Frameworks",
				);
				PRODUCT_BUNDLE_IDENTIFIER = pro.kalmar.lexmanUITests;
				PRODUCT_NAME = "$(TARGET_NAME)";
				SWIFT_VERSION = 4.2;
				TARGETED_DEVICE_FAMILY = "1,2";
				TEST_TARGET_NAME = lexman;
			};
			name = Release;
		};
/* End XCBuildConfiguration section */

/* Begin XCConfigurationList section */
		3AA3EEC521C2AD30004DD7E8 /* Build configuration list for PBXProject "lexman" */ = {
			isa = XCConfigurationList;
			buildConfigurations = (
				3AA3EEF021C2AD3F004DD7E8 /* Debug */,
				3AA3EEF121C2AD3F004DD7E8 /* Release */,
			);
			defaultConfigurationIsVisible = 0;
			defaultConfigurationName = Release;
		};
		3AA3EEF221C2AD3F004DD7E8 /* Build configuration list for PBXNativeTarget "lexman" */ = {
			isa = XCConfigurationList;
			buildConfigurations = (
				3AA3EEF321C2AD3F004DD7E8 /* Debug */,
				3AA3EEF421C2AD3F004DD7E8 /* Release */,
			);
			defaultConfigurationIsVisible = 0;
			defaultConfigurationName = Release;
		};
		3AA3EEF521C2AD3F004DD7E8 /* Build configuration list for PBXNativeTarget "lexmanTests" */ = {
			isa = XCConfigurationList;
			buildConfigurations = (
				3AA3EEF621C2AD3F004DD7E8 /* Debug */,
				3AA3EEF721C2AD3F004DD7E8 /* Release */,
			);
			defaultConfigurationIsVisible = 0;
			defaultConfigurationName = Release;
		};
		3AA3EEF821C2AD3F004DD7E8 /* Build configuration list for PBXNativeTarget "lexmanUITests" */ = {
			isa = XCConfigurationList;
			buildConfigurations = (
				3AA3EEF921C2AD3F004DD7E8 /* Debug */,
				3AA3EEFA21C2AD3F004DD7E8 /* Release */,
			);
			defaultConfigurationIsVisible = 0;
			defaultConfigurationName = Release;
		};
/* End XCConfigurationList section */
	};
	rootObject = 3AA3EEC221C2AD30004DD7E8 /* Project object */;
}
